
Microsoft Visual Studio Solution File, Format Version 12.00
# Visual Studio 14
VisualStudioVersion = 14.0.25420.1
MinimumVisualStudioVersion = 10.0.40219.1
Project("{FAE04EC0-301F-11D3-BF4B-00C04F79EFBC}") = "HotDeliveryDB", "HotDeliveryDB\HotDeliveryDB.csproj", "{6C2A5C01-C60B-46FF-BDBC-8D22EDBA2C7F}"
EndProject
Project("{FAE04EC0-301F-11D3-BF4B-00C04F79EFBC}") = "SchedulerTasks", "SchedulerTasks\SchedulerTasks.csproj", "{3B94616A-9B5B-4C43-827A-18FE27F914CB}"
EndProject
Global
	GlobalSection(SolutionConfigurationPlatforms) = preSolution
		Debug|Any CPU = Debug|Any CPU
		Release|Any CPU = Release|Any CPU
	EndGlobalSection
	GlobalSection(ProjectConfigurationPlatforms) = postSolution
		{6C2A5C01-C60B-46FF-BDBC-8D22EDBA2C7F}.Debug|Any CPU.ActiveCfg = Debug|Any CPU
		{6C2A5C01-C60B-46FF-BDBC-8D22EDBA2C7F}.Debug|Any CPU.Build.0 = Debug|Any CPU
		{6C2A5C01-C60B-46FF-BDBC-8D22EDBA2C7F}.Release|Any CPU.ActiveCfg = Release|Any CPU
		{6C2A5C01-C60B-46FF-BDBC-8D22EDBA2C7F}.Release|Any CPU.Build.0 = Release|Any CPU
		{3B94616A-9B5B-4C43-827A-18FE27F914CB}.Debug|Any CPU.ActiveCfg = Debug|Any CPU
		{3B94616A-9B5B-4C43-827A-18FE27F914CB}.Debug|Any CPU.Build.0 = Debug|Any CPU
		{3B94616A-9B5B-4C43-827A-18FE27F914CB}.Release|Any CPU.ActiveCfg = Release|Any CPU
		{3B94616A-9B5B-4C43-827A-18FE27F914CB}.Release|Any CPU.Build.0 = Release|Any CPU
	EndGlobalSection
	GlobalSection(SolutionProperties) = preSolution
		HideSolutionNode = FALSE
	EndGlobalSection
EndGlobal
